
Microsoft Visual Studio Solution File, Format Version 12.00
# Visual Studio Version 17
VisualStudioVersion = 17.11.35312.102
MinimumVisualStudioVersion = 10.0.40219.1
Project("{FAE04EC0-301F-11D3-BF4B-00C04F79EFBC}") = "TaskList", "TaskList\TaskList.csproj", "{5A561530-B596-468F-81F4-E397E861B9DD}"
EndProject
Global
	GlobalSection(SolutionConfigurationPlatforms) = preSolution
		Debug|Any CPU = Debug|Any CPU
		Release|Any CPU = Release|Any CPU
	EndGlobalSection
	GlobalSection(ProjectConfigurationPlatforms) = postSolution
		{5A561530-B596-468F-81F4-E397E861B9DD}.Debug|Any CPU.ActiveCfg = Debug|Any CPU
		{5A561530-B596-468F-81F4-E397E861B9DD}.Debug|Any CPU.Build.0 = Debug|Any CPU
		{5A561530-B596-468F-81F4-E397E861B9DD}.Release|Any CPU.ActiveCfg = Release|Any CPU
		{5A561530-B596-468F-81F4-E397E861B9DD}.Release|Any CPU.Build.0 = Release|Any CPU
	EndGlobalSection
	GlobalSection(SolutionProperties) = preSolution
		HideSolutionNode = FALSE
	EndGlobalSection
	GlobalSection(ExtensibilityGlobals) = postSolution
		SolutionGuid = {22924B34-57D7-4C06-BB9C-357C22AA4541}
	EndGlobalSection
EndGlobal
