
Microsoft Visual Studio Solution File, Format Version 12.00
# Visual Studio Version 17
VisualStudioVersion = 17.11.35312.102
MinimumVisualStudioVersion = 10.0.40219.1
Project("{F184B08F-C81C-45F6-A57F-5ABD9991F28F}") = "Reproductor", "Reproductor\Reproductor.vbproj", "{EA7D3B3D-367E-4C1A-A71E-42130BF5BFA0}"
EndProject
Global
	GlobalSection(SolutionConfigurationPlatforms) = preSolution
		Debug|Any CPU = Debug|Any CPU
		Release|Any CPU = Release|Any CPU
	EndGlobalSection
	GlobalSection(ProjectConfigurationPlatforms) = postSolution
		{EA7D3B3D-367E-4C1A-A71E-42130BF5BFA0}.Debug|Any CPU.ActiveCfg = Debug|Any CPU
		{EA7D3B3D-367E-4C1A-A71E-42130BF5BFA0}.Debug|Any CPU.Build.0 = Debug|Any CPU
		{EA7D3B3D-367E-4C1A-A71E-42130BF5BFA0}.Release|Any CPU.ActiveCfg = Release|Any CPU
		{EA7D3B3D-367E-4C1A-A71E-42130BF5BFA0}.Release|Any CPU.Build.0 = Release|Any CPU
	EndGlobalSection
	GlobalSection(SolutionProperties) = preSolution
		HideSolutionNode = FALSE
	EndGlobalSection
	GlobalSection(ExtensibilityGlobals) = postSolution
		SolutionGuid = {8C91204F-44B7-4FBF-AA59-D76A459F75AF}
	EndGlobalSection
EndGlobal
